
Microsoft Visual Studio Solution File, Format Version 12.00
# Visual Studio Version 16
VisualStudioVersion = 16.0.30114.105
MinimumVisualStudioVersion = 10.0.40219.1
Project("{FAE04EC0-301F-11D3-BF4B-00C04F79EFBC}") = "Lab1", "Lab1.csproj", "{2B84C355-4DC4-49A5-B48B-D90F99D22CA9}"
EndProject
Global
	GlobalSection(SolutionConfigurationPlatforms) = preSolution
		Debug|Any CPU = Debug|Any CPU
		Release|Any CPU = Release|Any CPU
	EndGlobalSection
	GlobalSection(ProjectConfigurationPlatforms) = postSolution
		{2B84C355-4DC4-49A5-B48B-D90F99D22CA9}.Debug|Any CPU.ActiveCfg = Debug|Any CPU
		{2B84C355-4DC4-49A5-B48B-D90F99D22CA9}.Debug|Any CPU.Build.0 = Debug|Any CPU
		{2B84C355-4DC4-49A5-B48B-D90F99D22CA9}.Release|Any CPU.ActiveCfg = Release|Any CPU
		{2B84C355-4DC4-49A5-B48B-D90F99D22CA9}.Release|Any CPU.Build.0 = Release|Any CPU
	EndGlobalSection
	GlobalSection(SolutionProperties) = preSolution
		HideSolutionNode = FALSE
	EndGlobalSection
	GlobalSection(ExtensibilityGlobals) = postSolution
		SolutionGuid = {BE3F9A58-BE84-4A46-918C-0DB7F4D1672F}
	EndGlobalSection
EndGlobal
